
Microsoft Visual Studio Solution File, Format Version 12.00
# Visual Studio 15
VisualStudioVersion = 15.0.28010.2046
MinimumVisualStudioVersion = 10.0.40219.1
Project("{FAE04EC0-301F-11D3-BF4B-00C04F79EFBC}") = "Functions", "Functions.csproj", "{DFF58DC9-2DC2-44E0-A1DE-6E084F75EB45}"
EndProject
Global
	GlobalSection(SolutionConfigurationPlatforms) = preSolution
		Debug|Any CPU = Debug|Any CPU
		Release|Any CPU = Release|Any CPU
	EndGlobalSection
	GlobalSection(ProjectConfigurationPlatforms) = postSolution
		{DFF58DC9-2DC2-44E0-A1DE-6E084F75EB45}.Debug|Any CPU.ActiveCfg = Debug|Any CPU
		{DFF58DC9-2DC2-44E0-A1DE-6E084F75EB45}.Debug|Any CPU.Build.0 = Debug|Any CPU
		{DFF58DC9-2DC2-44E0-A1DE-6E084F75EB45}.Release|Any CPU.ActiveCfg = Release|Any CPU
		{DFF58DC9-2DC2-44E0-A1DE-6E084F75EB45}.Release|Any CPU.Build.0 = Release|Any CPU
	EndGlobalSection
	GlobalSection(SolutionProperties) = preSolution
		HideSolutionNode = FALSE
	EndGlobalSection
	GlobalSection(ExtensibilityGlobals) = postSolution
		SolutionGuid = {E59247A9-5EFD-4E67-AD1B-0A0B23F7F7AC}
	EndGlobalSection
EndGlobal
