
Microsoft Visual Studio Solution File, Format Version 12.00
# Visual Studio 15
VisualStudioVersion = 15.0.28010.2046
MinimumVisualStudioVersion = 10.0.40219.1
Project("{FAE04EC0-301F-11D3-BF4B-00C04F79EFBC}") = "Integration", "Integration.csproj", "{243050AF-5014-472B-857B-59390A06D1CA}"
EndProject
Global
	GlobalSection(SolutionConfigurationPlatforms) = preSolution
		Debug|Any CPU = Debug|Any CPU
		Release|Any CPU = Release|Any CPU
	EndGlobalSection
	GlobalSection(ProjectConfigurationPlatforms) = postSolution
		{243050AF-5014-472B-857B-59390A06D1CA}.Debug|Any CPU.ActiveCfg = Debug|Any CPU
		{243050AF-5014-472B-857B-59390A06D1CA}.Debug|Any CPU.Build.0 = Debug|Any CPU
		{243050AF-5014-472B-857B-59390A06D1CA}.Release|Any CPU.ActiveCfg = Release|Any CPU
		{243050AF-5014-472B-857B-59390A06D1CA}.Release|Any CPU.Build.0 = Release|Any CPU
	EndGlobalSection
	GlobalSection(SolutionProperties) = preSolution
		HideSolutionNode = FALSE
	EndGlobalSection
	GlobalSection(ExtensibilityGlobals) = postSolution
		SolutionGuid = {78274A2E-727D-4C80-8D0C-0DF522E00A1D}
	EndGlobalSection
EndGlobal
