
Microsoft Visual Studio Solution File, Format Version 12.00
# Visual Studio 15
VisualStudioVersion = 15.0.28010.2046
MinimumVisualStudioVersion = 10.0.40219.1
Project("{FAE04EC0-301F-11D3-BF4B-00C04F79EFBC}") = "Graph3D", "Graph3D.csproj", "{B713FA06-734A-439F-8AF5-32B1A5D7CEB8}"
EndProject
Global
	GlobalSection(SolutionConfigurationPlatforms) = preSolution
		Debug|Any CPU = Debug|Any CPU
		Release|Any CPU = Release|Any CPU
	EndGlobalSection
	GlobalSection(ProjectConfigurationPlatforms) = postSolution
		{B713FA06-734A-439F-8AF5-32B1A5D7CEB8}.Debug|Any CPU.ActiveCfg = Debug|Any CPU
		{B713FA06-734A-439F-8AF5-32B1A5D7CEB8}.Debug|Any CPU.Build.0 = Debug|Any CPU
		{B713FA06-734A-439F-8AF5-32B1A5D7CEB8}.Release|Any CPU.ActiveCfg = Release|Any CPU
		{B713FA06-734A-439F-8AF5-32B1A5D7CEB8}.Release|Any CPU.Build.0 = Release|Any CPU
	EndGlobalSection
	GlobalSection(SolutionProperties) = preSolution
		HideSolutionNode = FALSE
	EndGlobalSection
	GlobalSection(ExtensibilityGlobals) = postSolution
		SolutionGuid = {370E351C-387D-4C9C-B97A-1BFBB3F0AEFA}
	EndGlobalSection
EndGlobal
